
Microsoft Visual Studio Solution File, Format Version 12.00
# Visual Studio Version 17
VisualStudioVersion = 17.11.35219.272
MinimumVisualStudioVersion = 10.0.40219.1
Project("{2150E333-8FDC-42A3-9474-1A3956D46DE8}") = "src", "src", "{3E8AECC8-1030-48B1-BF95-C2E8AAE17183}"
EndProject
Project("{2150E333-8FDC-42A3-9474-1A3956D46DE8}") = "01-Domain", "01-Domain", "{71F3CBD4-1B1D-442D-A576-336D87309E6D}"
EndProject
Project("{2150E333-8FDC-42A3-9474-1A3956D46DE8}") = "02-Infrestracture", "02-Infrestracture", "{6C38EDDB-D524-4828-8ABF-34F695B29D2D}"
EndProject
Project("{2150E333-8FDC-42A3-9474-1A3956D46DE8}") = "03-EndPoint", "03-EndPoint", "{F868A497-EC5B-481B-8AF9-4A81AE8C6817}"
EndProject
Project("{2150E333-8FDC-42A3-9474-1A3956D46DE8}") = "Core", "Core", "{14E72D56-FCBF-481E-AF99-EF2BB4D55451}"
EndProject
Project("{2150E333-8FDC-42A3-9474-1A3956D46DE8}") = "Service", "Service", "{38A57CDD-CF00-4664-ABD4-DBF1D9940663}"
EndProject
Project("{2150E333-8FDC-42A3-9474-1A3956D46DE8}") = "DataBase", "DataBase", "{372EEFE9-7905-4E35-9857-C316AC1A2378}"
EndProject
Project("{2150E333-8FDC-42A3-9474-1A3956D46DE8}") = "DataAcess", "DataAcess", "{713FECF9-B696-4D63-A7C1-FA79A1880A9C}"
EndProject
Project("{FAE04EC0-301F-11D3-BF4B-00C04F79EFBC}") = "App.Domain.Core", "App.Domain.Core\App.Domain.Core.csproj", "{A8ACCFD1-376F-4BF2-841E-7FF0ED152B66}"
EndProject
Project("{FAE04EC0-301F-11D3-BF4B-00C04F79EFBC}") = "App.Domain.Service", "App.Domain.Service\App.Domain.Service.csproj", "{2B1462AB-D51F-4DD7-ADEA-E1B426497A51}"
EndProject
Project("{FAE04EC0-301F-11D3-BF4B-00C04F79EFBC}") = "App.Domain.AppService", "App.Domain.AppService\App.Domain.AppService.csproj", "{B72D3A34-571A-4FE8-9867-8160E6440914}"
	ProjectSection(ProjectDependencies) = postProject
		{A8ACCFD1-376F-4BF2-841E-7FF0ED152B66} = {A8ACCFD1-376F-4BF2-841E-7FF0ED152B66}
	EndProjectSection
EndProject
Project("{FAE04EC0-301F-11D3-BF4B-00C04F79EFBC}") = "App.infra.DB.SQLServer", "App.infra.DB.SQLServer\App.infra.DB.SQLServer.csproj", "{9A4CF026-C83E-4963-834C-9A1222246B59}"
EndProject
Project("{FAE04EC0-301F-11D3-BF4B-00C04F79EFBC}") = "App.infra.DataRepo.Ef", "App.infra.DataRepo.Ef\App.infra.DataRepo.Ef.csproj", "{9CF341BC-4D70-48EB-AC33-569D7D003674}"
EndProject
Project("{FAE04EC0-301F-11D3-BF4B-00C04F79EFBC}") = "AtmMVC", "AtmMVC\AtmMVC.csproj", "{8933838F-A285-4E4E-BC77-D21387A62D17}"
EndProject
Project("{2150E333-8FDC-42A3-9474-1A3956D46DE8}") = "packages", "packages", "{223C53EE-D3C4-4807-973B-0142E45F14F3}"
EndProject
Project("{FAE04EC0-301F-11D3-BF4B-00C04F79EFBC}") = "AppPackages", "AppPackages\AppPackages.csproj", "{95C3BCE7-7167-40A8-A460-E713E9EC1834}"
EndProject
Project("{FAE04EC0-301F-11D3-BF4B-00C04F79EFBC}") = "App.infra.VerificationTxtFile", "App.infra.VerificationTxtFile\App.infra.VerificationTxtFile.csproj", "{A0C06261-3144-4BC1-89BE-B46FDA021890}"
EndProject
Global
	GlobalSection(SolutionConfigurationPlatforms) = preSolution
		Debug|Any CPU = Debug|Any CPU
		Release|Any CPU = Release|Any CPU
	EndGlobalSection
	GlobalSection(ProjectConfigurationPlatforms) = postSolution
		{A8ACCFD1-376F-4BF2-841E-7FF0ED152B66}.Debug|Any CPU.ActiveCfg = Debug|Any CPU
		{A8ACCFD1-376F-4BF2-841E-7FF0ED152B66}.Debug|Any CPU.Build.0 = Debug|Any CPU
		{A8ACCFD1-376F-4BF2-841E-7FF0ED152B66}.Release|Any CPU.ActiveCfg = Release|Any CPU
		{A8ACCFD1-376F-4BF2-841E-7FF0ED152B66}.Release|Any CPU.Build.0 = Release|Any CPU
		{2B1462AB-D51F-4DD7-ADEA-E1B426497A51}.Debug|Any CPU.ActiveCfg = Debug|Any CPU
		{2B1462AB-D51F-4DD7-ADEA-E1B426497A51}.Debug|Any CPU.Build.0 = Debug|Any CPU
		{2B1462AB-D51F-4DD7-ADEA-E1B426497A51}.Release|Any CPU.ActiveCfg = Release|Any CPU
		{2B1462AB-D51F-4DD7-ADEA-E1B426497A51}.Release|Any CPU.Build.0 = Release|Any CPU
		{B72D3A34-571A-4FE8-9867-8160E6440914}.Debug|Any CPU.ActiveCfg = Debug|Any CPU
		{B72D3A34-571A-4FE8-9867-8160E6440914}.Debug|Any CPU.Build.0 = Debug|Any CPU
		{B72D3A34-571A-4FE8-9867-8160E6440914}.Release|Any CPU.ActiveCfg = Release|Any CPU
		{B72D3A34-571A-4FE8-9867-8160E6440914}.Release|Any CPU.Build.0 = Release|Any CPU
		{9A4CF026-C83E-4963-834C-9A1222246B59}.Debug|Any CPU.ActiveCfg = Debug|Any CPU
		{9A4CF026-C83E-4963-834C-9A1222246B59}.Debug|Any CPU.Build.0 = Debug|Any CPU
		{9A4CF026-C83E-4963-834C-9A1222246B59}.Release|Any CPU.ActiveCfg = Release|Any CPU
		{9A4CF026-C83E-4963-834C-9A1222246B59}.Release|Any CPU.Build.0 = Release|Any CPU
		{9CF341BC-4D70-48EB-AC33-569D7D003674}.Debug|Any CPU.ActiveCfg = Debug|Any CPU
		{9CF341BC-4D70-48EB-AC33-569D7D003674}.Debug|Any CPU.Build.0 = Debug|Any CPU
		{9CF341BC-4D70-48EB-AC33-569D7D003674}.Release|Any CPU.ActiveCfg = Release|Any CPU
		{9CF341BC-4D70-48EB-AC33-569D7D003674}.Release|Any CPU.Build.0 = Release|Any CPU
		{8933838F-A285-4E4E-BC77-D21387A62D17}.Debug|Any CPU.ActiveCfg = Debug|Any CPU
		{8933838F-A285-4E4E-BC77-D21387A62D17}.Debug|Any CPU.Build.0 = Debug|Any CPU
		{8933838F-A285-4E4E-BC77-D21387A62D17}.Release|Any CPU.ActiveCfg = Release|Any CPU
		{8933838F-A285-4E4E-BC77-D21387A62D17}.Release|Any CPU.Build.0 = Release|Any CPU
		{95C3BCE7-7167-40A8-A460-E713E9EC1834}.Debug|Any CPU.ActiveCfg = Debug|Any CPU
		{95C3BCE7-7167-40A8-A460-E713E9EC1834}.Debug|Any CPU.Build.0 = Debug|Any CPU
		{95C3BCE7-7167-40A8-A460-E713E9EC1834}.Release|Any CPU.ActiveCfg = Release|Any CPU
		{95C3BCE7-7167-40A8-A460-E713E9EC1834}.Release|Any CPU.Build.0 = Release|Any CPU
		{A0C06261-3144-4BC1-89BE-B46FDA021890}.Debug|Any CPU.ActiveCfg = Debug|Any CPU
		{A0C06261-3144-4BC1-89BE-B46FDA021890}.Debug|Any CPU.Build.0 = Debug|Any CPU
		{A0C06261-3144-4BC1-89BE-B46FDA021890}.Release|Any CPU.ActiveCfg = Release|Any CPU
		{A0C06261-3144-4BC1-89BE-B46FDA021890}.Release|Any CPU.Build.0 = Release|Any CPU
	EndGlobalSection
	GlobalSection(SolutionProperties) = preSolution
		HideSolutionNode = FALSE
	EndGlobalSection
	GlobalSection(NestedProjects) = preSolution
		{71F3CBD4-1B1D-442D-A576-336D87309E6D} = {3E8AECC8-1030-48B1-BF95-C2E8AAE17183}
		{6C38EDDB-D524-4828-8ABF-34F695B29D2D} = {3E8AECC8-1030-48B1-BF95-C2E8AAE17183}
		{F868A497-EC5B-481B-8AF9-4A81AE8C6817} = {3E8AECC8-1030-48B1-BF95-C2E8AAE17183}
		{14E72D56-FCBF-481E-AF99-EF2BB4D55451} = {71F3CBD4-1B1D-442D-A576-336D87309E6D}
		{38A57CDD-CF00-4664-ABD4-DBF1D9940663} = {71F3CBD4-1B1D-442D-A576-336D87309E6D}
		{372EEFE9-7905-4E35-9857-C316AC1A2378} = {6C38EDDB-D524-4828-8ABF-34F695B29D2D}
		{713FECF9-B696-4D63-A7C1-FA79A1880A9C} = {6C38EDDB-D524-4828-8ABF-34F695B29D2D}
		{A8ACCFD1-376F-4BF2-841E-7FF0ED152B66} = {14E72D56-FCBF-481E-AF99-EF2BB4D55451}
		{2B1462AB-D51F-4DD7-ADEA-E1B426497A51} = {38A57CDD-CF00-4664-ABD4-DBF1D9940663}
		{B72D3A34-571A-4FE8-9867-8160E6440914} = {38A57CDD-CF00-4664-ABD4-DBF1D9940663}
		{9A4CF026-C83E-4963-834C-9A1222246B59} = {372EEFE9-7905-4E35-9857-C316AC1A2378}
		{9CF341BC-4D70-48EB-AC33-569D7D003674} = {713FECF9-B696-4D63-A7C1-FA79A1880A9C}
		{8933838F-A285-4E4E-BC77-D21387A62D17} = {F868A497-EC5B-481B-8AF9-4A81AE8C6817}
		{95C3BCE7-7167-40A8-A460-E713E9EC1834} = {223C53EE-D3C4-4807-973B-0142E45F14F3}
		{A0C06261-3144-4BC1-89BE-B46FDA021890} = {372EEFE9-7905-4E35-9857-C316AC1A2378}
	EndGlobalSection
	GlobalSection(ExtensibilityGlobals) = postSolution
		SolutionGuid = {D155C98A-4494-4160-B1A3-2A14A74C24BE}
	EndGlobalSection
EndGlobal
